
Microsoft Visual Studio Solution File, Format Version 12.00
# Visual Studio Version 17
VisualStudioVersion = 17.13.35818.85 d17.13
MinimumVisualStudioVersion = 10.0.40219.1
Project("{FAE04EC0-301F-11D3-BF4B-00C04F79EFBC}") = "T2", "T2.csproj", "{6DDB7A2A-B33C-4745-BE0A-2E8ECCF05166}"
EndProject
Global
	GlobalSection(SolutionConfigurationPlatforms) = preSolution
		Debug|Any CPU = Debug|Any CPU
		Release|Any CPU = Release|Any CPU
	EndGlobalSection
	GlobalSection(ProjectConfigurationPlatforms) = postSolution
		{6DDB7A2A-B33C-4745-BE0A-2E8ECCF05166}.Debug|Any CPU.ActiveCfg = Debug|Any CPU
		{6DDB7A2A-B33C-4745-BE0A-2E8ECCF05166}.Debug|Any CPU.Build.0 = Debug|Any CPU
		{6DDB7A2A-B33C-4745-BE0A-2E8ECCF05166}.Release|Any CPU.ActiveCfg = Release|Any CPU
		{6DDB7A2A-B33C-4745-BE0A-2E8ECCF05166}.Release|Any CPU.Build.0 = Release|Any CPU
	EndGlobalSection
	GlobalSection(SolutionProperties) = preSolution
		HideSolutionNode = FALSE
	EndGlobalSection
	GlobalSection(ExtensibilityGlobals) = postSolution
		SolutionGuid = {D9833F53-7C43-4336-815C-03595D4C191B}
	EndGlobalSection
EndGlobal
