
Microsoft Visual Studio Solution File, Format Version 12.00
# Visual Studio Version 17
VisualStudioVersion = 17.13.35818.85 d17.13
MinimumVisualStudioVersion = 10.0.40219.1
Project("{FAE04EC0-301F-11D3-BF4B-00C04F79EFBC}") = "T3", "T3.csproj", "{646A3370-0242-4417-84E0-71319453791D}"
EndProject
Global
	GlobalSection(SolutionConfigurationPlatforms) = preSolution
		Debug|Any CPU = Debug|Any CPU
		Release|Any CPU = Release|Any CPU
	EndGlobalSection
	GlobalSection(ProjectConfigurationPlatforms) = postSolution
		{646A3370-0242-4417-84E0-71319453791D}.Debug|Any CPU.ActiveCfg = Debug|Any CPU
		{646A3370-0242-4417-84E0-71319453791D}.Debug|Any CPU.Build.0 = Debug|Any CPU
		{646A3370-0242-4417-84E0-71319453791D}.Release|Any CPU.ActiveCfg = Release|Any CPU
		{646A3370-0242-4417-84E0-71319453791D}.Release|Any CPU.Build.0 = Release|Any CPU
	EndGlobalSection
	GlobalSection(SolutionProperties) = preSolution
		HideSolutionNode = FALSE
	EndGlobalSection
	GlobalSection(ExtensibilityGlobals) = postSolution
		SolutionGuid = {C42A77C4-99CC-474C-AF2D-792B7B9C0180}
	EndGlobalSection
EndGlobal
